
Microsoft Visual Studio Solution File, Format Version 12.00
# Visual Studio 15
VisualStudioVersion = 15.0.26124.0
MinimumVisualStudioVersion = 15.0.26124.0
Project("{FAE04EC0-301F-11D3-BF4B-00C04F79EFBC}") = "BasicStandAloneServer", "BasicStandAloneServer\BasicStandAloneServer.csproj", "{BEFCD412-96E9-42F1-8841-AA2F500DBDA1}"
EndProject
Project("{FAE04EC0-301F-11D3-BF4B-00C04F79EFBC}") = "ForgeNetworkingCommon", "ForgeNetworkingCommon\ForgeNetworkingCommon.csproj", "{9C3AF9D0-B19F-44A6-9068-84B636892BDE}"
EndProject
Project("{FAE04EC0-301F-11D3-BF4B-00C04F79EFBC}") = "BeardedManStudios", "BeardedManStudios\BeardedManStudios.csproj", "{1DC34CDD-667A-40BE-9447-45866BF4607D}"
EndProject
Global
	GlobalSection(SolutionConfigurationPlatforms) = preSolution
		Debug|Any CPU = Debug|Any CPU
		Debug|x64 = Debug|x64
		Debug|x86 = Debug|x86
		Release|Any CPU = Release|Any CPU
		Release|x64 = Release|x64
		Release|x86 = Release|x86
	EndGlobalSection
	GlobalSection(SolutionProperties) = preSolution
		HideSolutionNode = FALSE
	EndGlobalSection
	GlobalSection(ProjectConfigurationPlatforms) = postSolution
		{BEFCD412-96E9-42F1-8841-AA2F500DBDA1}.Debug|Any CPU.ActiveCfg = Debug|Any CPU
		{BEFCD412-96E9-42F1-8841-AA2F500DBDA1}.Debug|Any CPU.Build.0 = Debug|Any CPU
		{BEFCD412-96E9-42F1-8841-AA2F500DBDA1}.Debug|x64.ActiveCfg = Debug|Any CPU
		{BEFCD412-96E9-42F1-8841-AA2F500DBDA1}.Debug|x64.Build.0 = Debug|Any CPU
		{BEFCD412-96E9-42F1-8841-AA2F500DBDA1}.Debug|x86.ActiveCfg = Debug|Any CPU
		{BEFCD412-96E9-42F1-8841-AA2F500DBDA1}.Debug|x86.Build.0 = Debug|Any CPU
		{BEFCD412-96E9-42F1-8841-AA2F500DBDA1}.Release|Any CPU.ActiveCfg = Debug|Any CPU
		{BEFCD412-96E9-42F1-8841-AA2F500DBDA1}.Release|Any CPU.Build.0 = Debug|Any CPU
		{BEFCD412-96E9-42F1-8841-AA2F500DBDA1}.Release|x64.ActiveCfg = Debug|Any CPU
		{BEFCD412-96E9-42F1-8841-AA2F500DBDA1}.Release|x64.Build.0 = Debug|Any CPU
		{BEFCD412-96E9-42F1-8841-AA2F500DBDA1}.Release|x86.ActiveCfg = Debug|Any CPU
		{BEFCD412-96E9-42F1-8841-AA2F500DBDA1}.Release|x86.Build.0 = Debug|Any CPU
		{9C3AF9D0-B19F-44A6-9068-84B636892BDE}.Debug|Any CPU.ActiveCfg = Debug|Any CPU
		{9C3AF9D0-B19F-44A6-9068-84B636892BDE}.Debug|Any CPU.Build.0 = Debug|Any CPU
		{9C3AF9D0-B19F-44A6-9068-84B636892BDE}.Debug|x64.ActiveCfg = Debug|Any CPU
		{9C3AF9D0-B19F-44A6-9068-84B636892BDE}.Debug|x64.Build.0 = Debug|Any CPU
		{9C3AF9D0-B19F-44A6-9068-84B636892BDE}.Debug|x86.ActiveCfg = Debug|Any CPU
		{9C3AF9D0-B19F-44A6-9068-84B636892BDE}.Debug|x86.Build.0 = Debug|Any CPU
		{9C3AF9D0-B19F-44A6-9068-84B636892BDE}.Release|Any CPU.ActiveCfg = Debug|Any CPU
		{9C3AF9D0-B19F-44A6-9068-84B636892BDE}.Release|Any CPU.Build.0 = Debug|Any CPU
		{9C3AF9D0-B19F-44A6-9068-84B636892BDE}.Release|x64.ActiveCfg = Debug|Any CPU
		{9C3AF9D0-B19F-44A6-9068-84B636892BDE}.Release|x64.Build.0 = Debug|Any CPU
		{9C3AF9D0-B19F-44A6-9068-84B636892BDE}.Release|x86.ActiveCfg = Debug|Any CPU
		{9C3AF9D0-B19F-44A6-9068-84B636892BDE}.Release|x86.Build.0 = Debug|Any CPU
		{1DC34CDD-667A-40BE-9447-45866BF4607D}.Debug|Any CPU.ActiveCfg = Debug|Any CPU
		{1DC34CDD-667A-40BE-9447-45866BF4607D}.Debug|Any CPU.Build.0 = Debug|Any CPU
		{1DC34CDD-667A-40BE-9447-45866BF4607D}.Debug|x64.ActiveCfg = Debug|Any CPU
		{1DC34CDD-667A-40BE-9447-45866BF4607D}.Debug|x64.Build.0 = Debug|Any CPU
		{1DC34CDD-667A-40BE-9447-45866BF4607D}.Debug|x86.ActiveCfg = Debug|Any CPU
		{1DC34CDD-667A-40BE-9447-45866BF4607D}.Debug|x86.Build.0 = Debug|Any CPU
		{1DC34CDD-667A-40BE-9447-45866BF4607D}.Release|Any CPU.ActiveCfg = Debug|Any CPU
		{1DC34CDD-667A-40BE-9447-45866BF4607D}.Release|Any CPU.Build.0 = Debug|Any CPU
		{1DC34CDD-667A-40BE-9447-45866BF4607D}.Release|x64.ActiveCfg = Debug|Any CPU
		{1DC34CDD-667A-40BE-9447-45866BF4607D}.Release|x64.Build.0 = Debug|Any CPU
		{1DC34CDD-667A-40BE-9447-45866BF4607D}.Release|x86.ActiveCfg = Debug|Any CPU
		{1DC34CDD-667A-40BE-9447-45866BF4607D}.Release|x86.Build.0 = Debug|Any CPU
	EndGlobalSection
EndGlobal
